lockfileVersion: '9.0'

settings:
  autoInstallPeers: true
  excludeLinksFromLockfile: false

importers:

  .:
    dependencies:
      datom:
        specifier: ^12.3.0
        version: 12.3.0(acorn-loose@8.4.0)(acorn-walk@8.3.1)(acorn@8.11.2)(astring@1.8.6)(chokidar@3.5.3)(dayjs@1.11.11)(tmp@0.2.1)
      dbay:
        specifier: ^16.1.0
        version: 16.1.0(acorn-loose@8.4.0)(acorn-walk@8.3.1)(acorn@8.11.2)(astring@1.8.6)(chokidar@3.5.3)(tmp@0.2.1)
      exifreader:
        specifier: ^4.23.3
        version: 4.23.3
      glob:
        specifier: ^11.0.0
        version: 11.0.0
      guy:
        specifier: ^13.7.2
        version: 13.7.2(acorn-loose@8.4.0)(acorn-walk@8.3.1)(acorn@8.11.2)(astring@1.8.6)(chokidar@3.5.3)(dayjs@1.11.11)(tmp@0.2.1)
      intertext-lexer:
        specifier: ^0.26.1
        version: 0.26.1(acorn-loose@8.4.0)(acorn-walk@8.3.1)(acorn@8.11.2)(astring@1.8.6)(chokidar@3.5.3)(dayjs@1.11.11)(tmp@0.2.1)
      intertype:
        specifier: ^203.2.0
        version: 203.2.0
      moonriver:
        specifier: ^4.8.4
        version: 4.8.4(acorn-loose@8.4.0)(acorn-walk@8.3.1)(acorn@8.11.2)(astring@1.8.6)(chokidar@3.5.3)(dayjs@1.11.11)(tmp@0.2.1)
      webguy:
        specifier: ^5.2.1
        version: 5.2.1

packages:

  '@babel/runtime-corejs3@7.24.8':
    resolution: {integrity: sha512-DXG/BhegtMHhnN7YPIvxWd303/9aXvYFD1TjNL3CD6tUrhI2LVsg3Lck0aql5TRH29n4sj3emcROypkZVUfSuA==}
    engines: {node: '>=6.9.0'}

  '@isaacs/cliui@8.0.2':
    resolution: {integrity: sha512-O8jcjabXaleOG9DQ0+ARXWZBTfnP4WNAqzuiJK7ll44AmxGKv/J2M4TPjxjY3znBCfvBXFzucm1twdyFybFqEA==}
    engines: {node: '>=12'}

  '@pkgjs/parseargs@0.11.0':
    resolution: {integrity: sha512-+1VkjdD0QBLPodGrJUeqarH8VAIvQODIbwh9XpP5Syisf7YoQgsJKPNFoqqLQlu+VQ/tVSshMR6loPMn8U+dPg==}
    engines: {node: '>=14'}

  '@xmldom/xmldom@0.8.10':
    resolution: {integrity: sha512-2WALfTl4xo2SkGCYRt6rDTFfk9R1czmBvUQy12gK2KuRKIpWEhcbbzy8EZXtz/jkRqHX8bFEc6FC1HjX4TUWYw==}
    engines: {node: '>=10.0.0'}

  acorn-loose@8.4.0:
    resolution: {integrity: sha512-M0EUka6rb+QC4l9Z3T0nJEzNOO7JcoJlYMrBlyBCiFSXRyxjLKayd4TbQs2FDRWQU1h9FR7QVNHt+PEaoNL5rQ==}
    engines: {node: '>=0.4.0'}

  acorn-walk@8.3.1:
    resolution: {integrity: sha512-TgUZgYvqZprrl7YldZNoa9OciCAyZR+Ejm9eXzKCmjsF5IKp/wgQ7Z/ZpjpGTIUPwrHQIcYeI8qDh4PsEwxMbw==}
    engines: {node: '>=0.4.0'}

  acorn@8.11.2:
    resolution: {integrity: sha512-nc0Axzp/0FILLEVsm4fNwLCwMttvhEI263QtVPQcbpfZZ3ts0hLsZGOpE6czNlid7CJ9MlyH8reXkpsf3YUY4w==}
    engines: {node: '>=0.4.0'}
    hasBin: true

  ansi-regex@5.0.1:
    resolution: {integrity: sha512-quJQXlTSUGL2LH9SUXo8VwsY4soanhgo6LNSm84E1LBcE8s3O0wpdiRzyR9z/ZZJMlMWv37qOOb9pdJlMUEKFQ==}
    engines: {node: '>=8'}

  ansi-regex@6.0.1:
    resolution: {integrity: sha512-n5M855fKb2SsfMIiFFoVrABHJC8QtHwVx+mHWP3QcEqBHYienj5dHSgjbxtC0WEZXYt4wcD6zrQElDPhFuZgfA==}
    engines: {node: '>=12'}

  ansi-styles@4.3.0:
    resolution: {integrity: sha512-zbB9rCJAT1rbjiVDb2hqKFHNYLxgtk8NURxZ3IZwD3F6NtxbXZQCnnSi1Lkx+IDohdPlFp222wVALIheZJQSEg==}
    engines: {node: '>=8'}

  ansi-styles@6.2.1:
    resolution: {integrity: sha512-bN798gFfQX+viw3R7yrGWRqnrN2oRkEkUjjl4JNn4E8GxxbjtG3FbrEIIY3l8/hrwUwIeCZvi4QuOTP4MErVug==}
    engines: {node: '>=12'}

  anymatch@3.1.3:
    resolution: {integrity: sha512-KMReFUr0B4t+D+OBkjR3KYqvocp2XaSzO55UcB6mgQMd3KbcE+mWTyvVV7D/zsdEbNnV6acZUutkiHQXvTr1Rw==}
    engines: {node: '>= 8'}

  astring@1.8.6:
    resolution: {integrity: sha512-ISvCdHdlTDlH5IpxQJIex7BWBywFWgjJSVdwst+/iQCoEYnyOaQ95+X1JGshuBjGp6nxKUy1jMgE3zPqN7fQdg==}
    hasBin: true

  balanced-match@1.0.2:
    resolution: {integrity: sha512-3oSeUO0TMV67hN1AmbXsK4yaqU7tjiHlbxRDZOpH0KW9+CeX4bRAaX0Anxt0tx2MrpRpWwQaPwIlISEJhYU5Pw==}

  base64-js@1.5.1:
    resolution: {integrity: sha512-AKpaYlHn8t4SVbOHCy+b5+KKgvR4vrsD8vbvrbiQJps7fKDTkjkDry6ji0rUJjC0kzbNePLwzxq8iypo41qeWA==}

  better-sqlite3@11.1.2:
    resolution: {integrity: sha512-gujtFwavWU4MSPT+h9B+4pkvZdyOUkH54zgLdIrMmmmd4ZqiBIrRNBzNzYVFO417xo882uP5HBu4GjOfaSrIQw==}

  binary-extensions@2.2.0:
    resolution: {integrity: sha512-jDctJ/IVQbZoJykoeHbhXpOlNBqGNcwXJKJog42E5HDPUwQTSdjCHdihjj0DlnheQ7blbT6dHOafNAiS8ooQKA==}
    engines: {node: '>=8'}

  bindings@1.5.0:
    resolution: {integrity: sha512-p2q/t/mhvuOj/UeLlV6566GD/guowlr0hHxClI0W9m7MWYkL1F0hLo+0Aexs9HSPCtR1SXQ0TD3MMKrXZajbiQ==}

  bl@4.1.0:
    resolution: {integrity: sha512-1W07cM9gS6DcLperZfFSj+bWLtaPGSOHWhPiGzXmvVJbRLdG82sH/Kn8EtW1VqWVA54AKf2h5k5BbnIbwF3h6w==}

  brace-expansion@1.1.11:
    resolution: {integrity: sha512-iCuPHDFgrHX7H2vEI/5xpz07zSHB00TpugqhmYtVmMO6518mCuRMoOYFldEBl0g187ufozdaHgWKcYFb61qGiA==}

  brace-expansion@2.0.1:
    resolution: {integrity: sha512-XnAIvQ8eM+kC6aULx6wuQiwVsnzsi9d3WxzV3FpWTGA19F621kwdbsAcFKXgKUHZWsy+mY6iL1sHTxWEFCytDA==}

  braces@3.0.2:
    resolution: {integrity: sha512-b8um+L1RzM3WDSzvhm6gIz1yfTbBt6YTlcEKAvsmqCZZFw46z626lVj9j1yEPW33H5H+lBQpZMP1k8l+78Ha0A==}
    engines: {node: '>=8'}

  buffer@5.7.1:
    resolution: {integrity: sha512-EHcyIPBQ4BSGlvjB16k5KgAJ27CIsHY/2JBmCRReo48y9rQ3MaUzWX3KVlBa4U7MyX02HdVj0K7C3WaB3ju7FQ==}

  chokidar@3.5.3:
    resolution: {integrity: sha512-Dr3sfKRP6oTcjf2JmUmFJfeVMvXBdegxB0iVQ5eb2V10uFJUCAS8OByZdVAyVb8xXNz3GjjTgj9kLWsZTqE6kw==}
    engines: {node: '>= 8.10.0'}

  chownr@1.1.4:
    resolution: {integrity: sha512-jJ0bqzaylmJtVnNgzTeSOs8DPavpbYgEr/b0YL8/2GO3xJEhInFmhKMUnEJQjZumK7KXGFhUy89PrsJWlakBVg==}

  cnd@9.2.1:
    resolution: {integrity: sha512-JszZtSlOCxkIvNPKpw1PmIcQUjYO+pBqVoKVH2STHLtG4JHHJ1NHowv39lhyxzlPxUTZk7pZ3qO7CfrfJ8ZSKw==}
    hasBin: true

  cnd@9.2.2:
    resolution: {integrity: sha512-F+/H+7luk4fZkvN0+MT0I2nwn80YM/EtfMttNUFxENR50XJH4g0KgQevzeyEJ8B6t6l8Tb4Xti6QAksa8DmePA==}
    hasBin: true

  color-convert@2.0.1:
    resolution: {integrity: sha512-RRECPsj7iu/xb5oKYcsFHSppFNnsj/52OVTRKb4zP5onXwVF3zVmmToNcOfGC+CRDpfK/U584fMg38ZHCaElKQ==}
    engines: {node: '>=7.0.0'}

  color-name@1.1.4:
    resolution: {integrity: sha512-dOy+3AuW3a2wNbZHIuMZpTcgjGuLU/uBL/ubcZF9OXbDo8ff4O8yVp5Bf0efS8uEoYo5q4Fx7dY9OgQGXgAsQA==}

  compose-regexp-commonjs@0.6.24:
    resolution: {integrity: sha512-aPHoQ7VsPGg57+qQPJaLHkd5us32kFZimKNdJS25GWGnwrbAhf7cSJ4u1PUowBEEGpaEMzRc6Lr9SOI1JlvpKQ==}

  concat-map@0.0.1:
    resolution: {integrity: sha512-/Srv4dswyQNBfohGpz9o6Yb3Gz3SrUDqBH5rTuhGR7ahtlbYKnVxw2bCFMRljaA7EXHaXZ8wsHdodFvbkhKmqg==}

  core-js-pure@3.37.1:
    resolution: {integrity: sha512-J/r5JTHSmzTxbiYYrzXg9w1VpqrYt+gexenBE9pugeyhwPZTAEJddyiReJWsLO6uNQ8xJZFbod6XC7KKwatCiA==}

  cross-spawn@7.0.3:
    resolution: {integrity: sha512-iRDPJKUPVEND7dHPO8rkbOnPpyDygcDFtWjpeWNCgy8WP2rXcxXL8TskReQl6OrB2G7+UJrags1q15Fudc7G6w==}
    engines: {node: '>= 8'}

  datom@12.3.0:
    resolution: {integrity: sha512-aNIEF1m0e/wAGbiHvQzT7T+LIqJMgMEhlDzdeLoJAbKapVEkPvR29XGrOm2YgyAW4CryT1WnyBV+q35TlIjNGg==}

  dayjs@1.11.10:
    resolution: {integrity: sha512-vjAczensTgRcqDERK0SR2XMwsF/tSvnvlv6VcF2GIhg6Sx4yOIt/irsr1RDJsKiIyBzJDpCoXiWWq28MqH2cnQ==}

  dayjs@1.11.11:
    resolution: {integrity: sha512-okzr3f11N6WuqYtZSvm+F776mB41wRZMhKP+hc34YdW+KmtYYK9iqvHSwo2k9FEH3fhGXvOPV6yz2IcSrfRUDg==}

  dbay-sql-lexer@1.1.0:
    resolution: {integrity: sha512-fu4+VbDHClhDzUzjX76CxTDeSd6+GBv/zh18eK2SVaEDsrp/FRha3+BWqYQbAKWDAjqCswmY/uao4wkgrUgP8Q==}

  dbay-sql-macros@0.1.0:
    resolution: {integrity: sha512-2L/DT//wLoy4pOycjxqI2bs4yJFqS+MQql1rARFzMBuMkjR35Jvi/QOLSL7DMcWkjUF7gCiwOYLA5BRwsWxBsA==}

  dbay@16.1.0:
    resolution: {integrity: sha512-vP6iMnxC7xgHfsD1WuCwfX6yykkEYYOz565mazAoD6loyRdDdPgDdr6OsVPDdsJUoNI71tY038edY+cVbCBKTg==}

  decompress-response@6.0.0:
    resolution: {integrity: sha512-aW35yZM6Bb/4oJlZncMH2LCoZtJXTRxES17vE3hoRiowU2kWHaJKFkSBDnDR+cm9J+9QhXmREyIfv0pji9ejCQ==}
    engines: {node: '>=10'}

  deep-extend@0.6.0:
    resolution: {integrity: sha512-LOHxIOaPYdHlJRtCQfDIVZtfw/ufM8+rVj649RIHzcm/vGwQRXFt6OPqIFWsm2XEMrNIEtWR64sY1LEKD2vAOA==}
    engines: {node: '>=4.0.0'}

  detect-libc@2.0.3:
    resolution: {integrity: sha512-bwy0MGW55bG41VqxxypOsdSdGqLwXPI/focwgTYCFMbdUiBAxLg9CFzG08sz2aqzknwiX7Hkl0bQENjg8iLByw==}
    engines: {node: '>=8'}

  eastasianwidth@0.2.0:
    resolution: {integrity: sha512-I88TYZWc9XiYHRQ4/3c5rjjfgkjhLyW2luGIheGERbNQ6OY7yTybanSpDXZa8y7VUP9YmDcYa+eyq4ca7iLqWA==}

  emoji-regex@8.0.0:
    resolution: {integrity: sha512-MSjYzcWNOA0ewAHpz0MxpYFvwg6yjy1NG3xteoqz644VCo/RPgnr1/GGt+ic3iJTzQ8Eu3TdM14SawnVUmGE6A==}

  emoji-regex@9.2.2:
    resolution: {integrity: sha512-L18DaJsXSUk2+42pv8mLs5jJT2hqFkFE4j21wOmgbUqsZ2hL72NsUU785g9RXgo3s0ZNgVl42TiHp3ZtOv/Vyg==}

  end-of-stream@1.4.4:
    resolution: {integrity: sha512-+uw1inIHVPQoaVuHzRyXd21icM+cnt4CzD5rW+NC1wjOUSTOs+Te7FOv7AhN7vS9x/oIyhLP5PR1H+phQAHu5Q==}

  exifreader@4.23.3:
    resolution: {integrity: sha512-/Ii4jiNp/5BXdKOiWXZYrWmZFn/ANu3bMVGO7GFQufao5M52/fK2OsAPMH34PL4S79z1eZBzAoaYyBXit0zzVA==}

  exit-hook@2.2.1:
    resolution: {integrity: sha512-eNTPlAD67BmP31LDINZ3U7HSF8l57TxOY2PmBJ1shpCvpnxBF93mWCE8YHBnXs8qiUZJc9WDcWIeC3a2HIAMfw==}
    engines: {node: '>=6'}

  expand-template@2.0.3:
    resolution: {integrity: sha512-XYfuKMvj4O35f/pOXLObndIRvyQ+/+6AhODh+OKWj9S9498pHHn/IMszH+gt0fBCRWMNfk1ZSp5x3AifmnI2vg==}
    engines: {node: '>=6'}

  file-uri-to-path@1.0.0:
    resolution: {integrity: sha512-0Zt+s3L7Vf1biwWZ29aARiVYLx7iMGnEUl9x33fbB/j3jR81u/O2LbqK+Bm1CDSNDKVtJ/YjwY7TUd5SkeLQLw==}

  fill-range@7.0.1:
    resolution: {integrity: sha512-qOo9F+dMUmC2Lcb4BbVvnKJxTPjCm+RRpe4gDuGrzkL7mEVl/djYSu2OdQ2Pa302N4oqkSg9ir6jaLWJ2USVpQ==}
    engines: {node: '>=8'}

  foreground-child@3.2.1:
    resolution: {integrity: sha512-PXUUyLqrR2XCWICfv6ukppP96sdFwWbNEnfEMt7jNsISjMsvaLNinAHNDYyvkyU+SZG2BTSbT5NjG+vZslfGTA==}
    engines: {node: '>=14'}

  fs-constants@1.0.0:
    resolution: {integrity: sha512-y6OAwoSIf7FyjMIv94u+b5rdheZEjzR63GTyZJm5qh4Bi+2YgwLCcI/fPFZkL5PSixOt6ZNKm+w+Hfp/Bciwow==}

  fs.realpath@1.0.0:
    resolution: {integrity: sha512-OO0pH2lK6a0hZnAdau5ItzHPI6pUlvI7jMVnxUQRtw4owF2wk8lOSabtGDCTP4Ggrg2MbGnWO9X8K1t4+fGMDw==}

  fsevents@2.3.3:
    resolution: {integrity: sha512-5xoDfX+fL7faATnagmWPpbFtwh/R77WmMMqqHGS65C3vvB0YHrgF+B1YmZ3441tMj5n63k0212XNoJwzlhffQw==}
    engines: {node: ^8.16.0 || ^10.6.0 || >=11.0.0}
    os: [darwin]

  github-from-package@0.0.0:
    resolution: {integrity: sha512-SyHy3T1v2NUXn29OsWdxmK6RwHD+vkj3v8en8AOBZ1wBQ/hCAQ5bAQTD02kW4W9tUp/3Qh6J8r9EvntiyCmOOw==}

  glob-parent@5.1.2:
    resolution: {integrity: sha512-AOIgSQCepiJYwP3ARnGx+5VnTu2HBYdzbGP45eLw1vr3zB3vZLeyed1sC9hnbcOc9/SrMyM5RPQrkGz4aS9Zow==}
    engines: {node: '>= 6'}

  glob@11.0.0:
    resolution: {integrity: sha512-9UiX/Bl6J2yaBbxKoEBRm4Cipxgok8kQYcOPEhScPwebu2I0HoQOuYdIO6S3hLuWoZgpDpwQZMzTFxgpkyT76g==}
    engines: {node: 20 || >=22}
    hasBin: true

  glob@7.2.3:
    resolution: {integrity: sha512-nFR0zLpU2YCaRxwoCJvL6UvCH2JFyFVIvwTLsIf21AuHlMskA1hhTdk+LlYJtOlYt9v6dvszD2BGRqBL+iQK9Q==}
    deprecated: Glob versions prior to v9 are no longer supported

  guy@11.11.0:
    resolution: {integrity: sha512-HaCuFCQ647cT/BsvFTgxwQ2gBliJeWUqvcRrk1wTP6IF0VE2UmbFYqzZXR9hVm+3AkCwCA1sd8nPhXBINSMwpQ==}
    peerDependencies:
      acorn: ^8.7.1
      acorn-loose: ^8.3.0
      acorn-walk: ^8.2.0
      astring: ^1.8.3
      tmp: ^0.2.1

  guy@11.12.0:
    resolution: {integrity: sha512-lRYE5cZFTa1mNWtz2oTWxRWR8JUfGVb5kft0/rMxRYFh8zrffI+Zi5qwVGTL8G047qa8i/iNfAi/2MDc3Kufpg==}
    peerDependencies:
      acorn: ^8.7.1
      acorn-loose: ^8.3.0
      acorn-walk: ^8.2.0
      astring: ^1.8.3
      tmp: ^0.2.1

  guy@12.10.0:
    resolution: {integrity: sha512-k01buChYgYYrQs5TvMwE73tRHK/Pi/UT0jJQwTxxVEqCVRfdDtgB4rRPf9yIX2R7YQgNuFAjFEGjZW8HkBBOng==}
    peerDependencies:
      acorn: ^8.7.1
      acorn-loose: ^8.3.0
      acorn-walk: ^8.2.0
      astring: ^1.8.3
      dayjs: ^1.11.7
      tmp: ^0.2.1

  guy@13.7.1:
    resolution: {integrity: sha512-3bO5ZfOjRtII5KwEHzx7aZ4LH6Q2vFWHmDP4qnEMKQw18KBKQeLyygkTHDF1kQVqb3slOgIJSsmPIcNudx0gDQ==}
    peerDependencies:
      acorn: ^8.7.1
      acorn-loose: ^8.3.0
      acorn-walk: ^8.2.0
      astring: ^1.8.3
      chokidar: ^3.5.3
      dayjs: ^1.11.7
      tmp: ^0.2.1

  guy@13.7.2:
    resolution: {integrity: sha512-esrCVHpVwfz65q1tHB/6Q5MpXwGQyrQx8pqpvzteCQAGz95fveQFuAlpqWoJ4b6QFk0atORzPRNj2d7+PoOiYQ==}
    peerDependencies:
      acorn: ^8.7.1
      acorn-loose: ^8.3.0
      acorn-walk: ^8.2.0
      astring: ^1.8.3
      chokidar: ^3.5.3
      dayjs: ^1.11.7
      tmp: ^0.2.1

  guy@4.2.0:
    resolution: {integrity: sha512-ppWljP+64o2qH0K1ia3Px9dBPftO4ILN23J9hLHQH+AcGfoBjGd2HDQGAc8rOx3RIyBiwObt8bFJiu0zXPtXmw==}

  ieee754@1.2.1:
    resolution: {integrity: sha512-dcyqhDvX1C46lXZcVqCpK+FtMRQVdIMN6/Df5js2zouUsqG7I6sFxitIC+7KYK29KdXOLHdu9zL4sFnoVQnqaA==}

  inflight@1.0.6:
    resolution: {integrity: sha512-k92I/b08q4wvFscXCLvqfsHCrjrF7yiXsQuIVvVE7N82W3+aqpzuUdBbfhWcy/FZR3/4IgflMgKLOsvPDrGCJA==}
    deprecated: This module is not supported, and leaks memory. Do not use it. Check out lru-cache if you want a good and tested way to coalesce async requests by a key value, which is much more comprehensive and powerful.

  inherits@2.0.4:
    resolution: {integrity: sha512-k/vGaX4/Yla3WzyMCvTQOXYeIHvqOKtnqBduzTHpzpQZzAskKMhZ2K+EnBiSM9zGSoIFeMpXKxa4dYeZIQqewQ==}

  ini@1.3.8:
    resolution: {integrity: sha512-JV/yugV2uzW5iMRSiZAyDtQd+nxtUnjeLt0acNdw98kKLrvuRVyB80tsREOE7yvGVgalhZ6RNXCmEHkUKBKxew==}

  intertext-lexer@0.26.1:
    resolution: {integrity: sha512-7wnhOtiL+RC/uZZfXO0Xdct/xWXf0p0o+eJOT7kfBBPjdeZ5ilkY7hCvAyySltZDy9UT7tDJGIr+hc35X/gEYA==}

  intertype-legacy@7.7.1:
    resolution: {integrity: sha512-Bj3k9bCu8vA6JLIvnCrJXOdkecgY5wtCmORclJ87uq22N53swREHT5bezSeK5TwcxgSJEDg2wEfcn4kNr9Qv8A==}

  intertype@0.105.0:
    resolution: {integrity: sha512-Cjyo+LH1BjcJb2pU8UYpUvkcxGekDD5SV9nLPpIlXhBI097pLggVAmkx1hqroH2UE3AfcDOMtIp27VsQHQNVXQ==}

  intertype@0.111.0:
    resolution: {integrity: sha512-GLIrc9yk0vziLjp7riKr2Czmj5FZt+zxFX9+FLrzPfM04QsIs6PopzxuZy5iVkg2szgEgUZIwICRO/fhk2FPvw==}

  intertype@0.114.0:
    resolution: {integrity: sha512-bGZHR4vHBjg7jai5Z2EqvhDcllBWD96UVD2bhOuI1ylZn909lomox/88Yl+mEZdxK8D367AfZsKf6VMXo3uArw==}

  intertype@0.119.1:
    resolution: {integrity: sha512-Mi9lHitUbNVn4p9/7FwutkW8fHwQlX0eTq9yC2SrVF2ymwDxb9xRNvMKkWIeEnwXly2TopuHgro8oBZ+WutaXA==}

  intertype@203.2.0:
    resolution: {integrity: sha512-vGHyhV6I9V9zyEmcYsQvC/mTRVc9Gqx07GACxzKHDGjHY8RZXUgfleMajC2V4vdP3l8+03r2hPlQ5HBCEaQ0Kg==}

  intertype@7.6.3:
    resolution: {integrity: sha512-77FmgaqGydWBc5OIde+geMj4+dGZ1i5UIFXM4C9QHiEIBjh+Gojycsb7XtRYYLNhNJepa+jotHXfAGPngHatzw==}

  intertype@7.6.5:
    resolution: {integrity: sha512-763YK3ezLYy9FkX+cTTg/qwGHteqlaTMiec9a2sVAKm7kXp9e7QkzbyYS6u4CcbLxx12L8bcRbe3SFsPeaJCMA==}

  intertype@7.6.7:
    resolution: {integrity: sha512-vBgYabqxX3fLa9f0Z3QeXgYszadAGdAHXdLcdQc5ZxZSG5CmbJCdYcudZLYtgmNo8epQag8zzyg7wwx+OD5J8g==}

  intertype@7.7.0:
    resolution: {integrity: sha512-Sv923oXpq9In8/CuxP5KAKc3FIETOEl23ltwSfLOnn/8V8A5pDRlxWo0vhaA6p7WybRMgeZXsE4Etw98tWUMPA==}

  is-binary-path@2.1.0:
    resolution: {integrity: sha512-ZMERYes6pDydyuGidse7OsHxtbI7WVeUEozgR/g7rd0xUimYNlvZRE/K2MgZTjWy725IfelLeVcEM97mmtRGXw==}
    engines: {node: '>=8'}

  is-extglob@2.1.1:
    resolution: {integrity: sha512-SbKbANkN603Vi4jEZv49LeVJMn4yGwsbzZworEoyEiutsN3nJYdbO36zfhGJ6QEDpOZIFkDtnq5JRxmvl3jsoQ==}
    engines: {node: '>=0.10.0'}

  is-fullwidth-code-point@3.0.0:
    resolution: {integrity: sha512-zymm5+u+sCsSWyD9qNaejV3DFvhCKclKdizYaJUuHA83RLjb7nSuGnddCHGv0hk+KY7BMAlsWeK4Ueg6EV6XQg==}
    engines: {node: '>=8'}

  is-glob@4.0.3:
    resolution: {integrity: sha512-xelSayHH36ZgE7ZWhli7pW34hNbNl8Ojv5KVmkJD4hBdD3th8Tfk9vYasLM+mXWOZhFkgZfxhLSnrwRr4elSSg==}
    engines: {node: '>=0.10.0'}

  is-number@7.0.0:
    resolution: {integrity: sha512-41Cifkg6e8TylSpdtTpeLVMqvSBEVzTttHvERD741+pnZ8ANv0004MRL43QKPDlK9cGvNp6NZWZUBlbGXYxxng==}
    engines: {node: '>=0.12.0'}

  isexe@2.0.0:
    resolution: {integrity: sha512-RHxMLp9lnKHGHRng9QFhRCMbYAcVpn69smSGcq3f36xjgVVWThj4qqLbTLlq7Ssj8B+fIQ1EuCEGI2lKsyQeIw==}

  jackspeak@4.0.1:
    resolution: {integrity: sha512-cub8rahkh0Q/bw1+GxP7aeSe29hHHn2V4m29nnDlvCdlgU+3UGxkZp7Z53jLUdpX3jdTO0nJZUDl3xvbWc2Xog==}
    engines: {node: 20 || >=22}

  jfee@0.1.5:
    resolution: {integrity: sha512-v42H3sBFLTw2WDxLDe5Nsa/e9bcsZ8YBBuNtXQrbbOfRq+1qeL1bZiFuqIWkC+OPb+ZClB4XdCJO31/zwSrqxw==}

  jsx-number-format@0.1.5:
    resolution: {integrity: sha512-eS1SvW5Lm+UQOrpxqtTF6NgPDupYlCV1GXJr+f/1yp+nwQH/4qW6XarwCcdphQjNHrJFC4ko2MgRyRDS/ypqZw==}

  letsfreezethat@3.1.0:
    resolution: {integrity: sha512-jJ1nvvQi6unW0WifjNPMIb64Byom0EXzSKWFYA++EpyjK3qv1J2pqeSoEJ61tGJoNG0GoNjPoeLYhxW16riZaA==}

  lru-cache@11.0.0:
    resolution: {integrity: sha512-Qv32eSV1RSCfhY3fpPE2GNZ8jgM9X7rdAfemLWqTUxwiyIC4jJ6Sy0fZ8H+oLWevO6i4/bizg7c8d8i6bxrzbA==}
    engines: {node: 20 || >=22}

  ltsort@4.0.0:
    resolution: {integrity: sha512-m+x31OrULRN/ygEtrviudpyxxohvpciisSBeck25ex52LzxrC7sIqEhZAoDB8zQckTASySKFpp2rPBDJYYOfrw==}

  mimic-response@3.1.0:
    resolution: {integrity: sha512-z0yWI+4FDrrweS8Zmt4Ej5HdJmky15+L2e6Wgn3+iK5fWzb6T3fhNFq2+MeTRb064c6Wr4N/wv0DzQTjNzHNGQ==}
    engines: {node: '>=10'}

  minimatch@10.0.1:
    resolution: {integrity: sha512-ethXTt3SGGR+95gudmqJ1eNhRO7eGEGIgYA9vnPatK4/etz2MEVDno5GMCibdMTuBMyElzIlgxMna3K94XDIDQ==}
    engines: {node: 20 || >=22}

  minimatch@3.1.2:
    resolution: {integrity: sha512-J7p63hRiAjw1NDEww1W7i37+ByIrOWO5XQQAzZ3VOcL0PNybwpfmV/N05zFAzwQ9USyEcX6t3UO+K5aqBQOIHw==}

  minimist@1.2.8:
    resolution: {integrity: sha512-2yyAR8qBkN3YuheJanUpWC5U3bb5osDywNB8RzDVlDwDHbocAJveqqj1u8+SVD7jkWT4yvsHCpWqqWqAxb0zCA==}

  minipass@7.1.2:
    resolution: {integrity: sha512-qOOzS1cBTWYF4BH8fVePDBOO9iptMnGUEZwNc/cMWnTV2nVLZ7VoNWEPHkYczZA0pdoA7dl6e7FL659nX9S2aw==}
    engines: {node: '>=16 || 14 >=14.17'}

  mkdirp-classic@0.5.3:
    resolution: {integrity: sha512-gKLcREMhtuZRwRAfqP3RFW+TK4JqApVBtOIftVgjuABpAtpxhPGaDcfvbhNvD0B8iD1oUr/txX35NjcaY6Ns/A==}

  moonriver@4.8.4:
    resolution: {integrity: sha512-2iQUiTZGtjU7Eh3sCJnlXUB9U/nRnQJnUV1qQZ3wrZJpT/8UJOE7m7vDyqVVhzXW1W0WNELdE0jH1P6SkJ6Edw==}

  multimix@5.0.0:
    resolution: {integrity: sha512-N9cdGSDDD7kxOV7R6e4iZqsHTZ4F4iiSDWqMcVqx4gEH6HBtRXav39Gj3fgT1YqvBcwPCQuf0Oa5R2cDaLWK8A==}

  napi-build-utils@1.0.2:
    resolution: {integrity: sha512-ONmRUqK7zj7DWX0D9ADe03wbwOBZxNAfF20PlGfCWQcD3+/MakShIHrMqx9YwPTfxDdF1zLeL+RGZiR9kGMLdg==}

  node-abi@3.65.0:
    resolution: {integrity: sha512-ThjYBfoDNr08AWx6hGaRbfPwxKV9kVzAzOzlLKbk2CuqXE2xnCh+cbAGnwM3t8Lq4v9rUB7VfondlkBckcJrVA==}
    engines: {node: '>=10'}

  normalize-path@3.0.0:
    resolution: {integrity: sha512-6eZs5Ls3WtCisHWp9S2GUy8dqkpGi4BVSz3GaqiE6ezub0512ESztXUwUB6C6IKbQkY2Pnb/mD4WYojCRwcwLA==}
    engines: {node: '>=0.10.0'}

  once@1.4.0:
    resolution: {integrity: sha512-lNaJgI+2Q5URQBkccEKHTQOPaXdUxnZZElQTZY0MFUAuaEqe1E+Nyvgdz/aIyNi6Z9MzO5dv1H8n58/GELp3+w==}

  package-json-from-dist@1.0.0:
    resolution: {integrity: sha512-dATvCeZN/8wQsGywez1mzHtTlP22H8OEfPrVMLNr4/eGa+ijtLn/6M5f0dY8UKNrC2O9UCU6SSoG3qRKnt7STw==}

  path-is-absolute@1.0.1:
    resolution: {integrity: sha512-AVbw3UJ2e9bq64vSaS9Am0fje1Pa8pbGqTTsmXfaIiMpnr5DlDhfJOuLj9Sf95ZPVDAUerDfEk88MPmPe7UCQg==}
    engines: {node: '>=0.10.0'}

  path-key@3.1.1:
    resolution: {integrity: sha512-ojmeN0qd+y0jszEtoY48r0Peq5dwMEkIlCOu6Q5f41lfkswXuKtYrhgoTpLnyIcHm24Uhqx+5Tqm2InSwLhE6Q==}
    engines: {node: '>=8'}

  path-scurry@2.0.0:
    resolution: {integrity: sha512-ypGJsmGtdXUOeM5u93TyeIEfEhM6s+ljAhrk5vAvSx8uyY/02OvrZnA0YNGUrPXfpJMgI1ODd3nwz8Npx4O4cg==}
    engines: {node: 20 || >=22}

  picomatch@2.3.1:
    resolution: {integrity: sha512-JU3teHTNjmE2VCGFzuY8EXzCDVwEqB2a8fsIvwaStHhAWJEeVd1o1QD80CU6+ZdEXXSLbSsuLwJjkCBWqRQUVA==}
    engines: {node: '>=8.6'}

  prebuild-install@7.1.2:
    resolution: {integrity: sha512-UnNke3IQb6sgarcZIDU3gbMeTp/9SSU1DAIkil7PrqG1vZlBtY5msYccSKSHDqa3hNg436IXK+SNImReuA1wEQ==}
    engines: {node: '>=10'}
    hasBin: true

  pump@3.0.0:
    resolution: {integrity: sha512-LwZy+p3SFs1Pytd/jYct4wpv49HiYCqd9Rlc5ZVdk0V+8Yzv6jR5Blk3TRmPL1ft69TxP0IMZGJ+WPFU2BFhww==}

  rc@1.2.8:
    resolution: {integrity: sha512-y3bGgqKj3QBdxLbLkomlohkvsA8gdAiUQlSBJnBhfn+BPxg4bc62d8TcBW15wavDfgexCgccckhcZvywyQYPOw==}
    hasBin: true

  readable-stream@3.6.2:
    resolution: {integrity: sha512-9u/sniCrY3D5WdsERHzHE4G2YCXqoG5FTHUiCC4SIbr6XcLZBY05ya9EKjYek9O5xOAwjGq+1JdGBAS7Q9ScoA==}
    engines: {node: '>= 6'}

  readdirp@3.6.0:
    resolution: {integrity: sha512-hOS089on8RduqdbhvQ5Z37A0ESjsqz6qnRcffsMU3495FuTdqSm+7bhJ29JvIOsBDEEnan5DPu9t3To9VRlMzA==}
    engines: {node: '>=8.10.0'}

  regenerator-runtime@0.14.1:
    resolution: {integrity: sha512-dYnhHh0nJoMfnkZs6GmmhFknAGRrLznOu5nc9ML+EJxGvrx6H7teuevqVqCuPcPK//3eDrrjQhehXVx9cnkGdw==}

  rfdc@1.3.0:
    resolution: {integrity: sha512-V2hovdzFbOi77/WajaSMXk2OLm+xNIeQdMMuB7icj7bk6zi2F8GGAxigcnDFpJHbNyNcgyJDiP+8nOrY5cZGrA==}

  rimraf@3.0.2:
    resolution: {integrity: sha512-JZkJMZkAGFFPP2YqXZXPbMlMBgsxzE8ILs4lMIX/2o0L9UBw9O/Y3o6wFw/i9YLapcUJWwqbi3kdxIPdC62TIA==}
    deprecated: Rimraf versions prior to v4 are no longer supported
    hasBin: true

  safe-buffer@5.2.1:
    resolution: {integrity: sha512-rp3So07KcdmmKbGvgaNxQSJr7bGVSVk5S9Eq1F+ppbRo70+YeaDxkw5Dd8NPN+GD6bjnYm2VuPuCXmpuYvmCXQ==}

  semver@7.6.2:
    resolution: {integrity: sha512-FNAIBWCx9qcRhoHcgcJ0gvU7SN1lYU2ZXuSfl04bSC5OpvDHFyJCjdNHomPXxjQlCBU67YW64PzY7/VIEH7F2w==}
    engines: {node: '>=10'}
    hasBin: true

  shebang-command@2.0.0:
    resolution: {integrity: sha512-kHxr2zZpYtdmrN1qDjrrX/Z1rR1kG8Dx+gkpK1G4eXmvXswmcE1hTWBWYUzlraYw1/yZp6YuDY77YtvbN0dmDA==}
    engines: {node: '>=8'}

  shebang-regex@3.0.0:
    resolution: {integrity: sha512-7++dFhtcx3353uBaq8DDR4NuxBetBzC7ZQOhmTQInHEd6bSrXdiEyzCvG07Z44UYdLShWUyXt5M/yhz8ekcb1A==}
    engines: {node: '>=8'}

  signal-exit@4.1.0:
    resolution: {integrity: sha512-bzyZ1e88w9O1iNJbKnOlvYTrWPDl46O1bG0D3XInv+9tkPrxrN8jUUTiFlDkkmKWgn1M6CfIA13SuGqOa9Korw==}
    engines: {node: '>=14'}

  simple-concat@1.0.1:
    resolution: {integrity: sha512-cSFtAPtRhljv69IK0hTVZQ+OfE9nePi/rtJmw5UjHeVyVroEqJXP1sFztKUy1qU+xvz3u/sfYJLa947b7nAN2Q==}

  simple-get@4.0.1:
    resolution: {integrity: sha512-brv7p5WgH0jmQJr1ZDDfKDOSeWWg+OVypG99A/5vYGPqJ6pxiaHLy8nxtFjBA7oMa01ebA9gfh1uMCFqOuXxvA==}

  string-width@4.2.3:
    resolution: {integrity: sha512-wKyQRQpjJ0sIp62ErSZdGsjMJWsap5oRNihHhu6G7JVO/9jIB6UyevL+tXuOqrng8j/cxKTWyWUwvSTriiZz/g==}
    engines: {node: '>=8'}

  string-width@5.1.2:
    resolution: {integrity: sha512-HnLOCR3vjcY8beoNLtcjZ5/nxn2afmME6lhrDrebokqMap+XbeW8n9TXpPDOqdGK5qcI3oT0GKTW6wC7EMiVqA==}
    engines: {node: '>=12'}

  string_decoder@1.3.0:
    resolution: {integrity: sha512-hkRX8U1WjJFd8LsDJ2yQ/wWWxaopEsABU1XfkM8A+j0+85JAGppt16cr1Whg6KIbb4okU6Mql6BOj+uup/wKeA==}

  strip-ansi@6.0.1:
    resolution: {integrity: sha512-Y38VPSHcqkFrCpFnQ9vuSXmquuv5oXOKpGeT6aGrr3o3Gc9AlVa6JBfUSOCnbxGGZF+/0ooI7KrPuUSztUdU5A==}
    engines: {node: '>=8'}

  strip-ansi@7.1.0:
    resolution: {integrity: sha512-iq6eVVI64nQQTRYq2KtEg2d2uU7LElhTJwsH4YzIHZshxlgZms/wIc4VoDQTlG/IvVIrBKG06CrZnp0qv7hkcQ==}
    engines: {node: '>=12'}

  strip-json-comments@2.0.1:
    resolution: {integrity: sha512-4gB8na07fecVVkOI6Rs4e7T6NOTki5EmL7TUduTs6bu3EdnSycntVJ4re8kgZA+wx9IueI2Y11bfbgwtzuE0KQ==}
    engines: {node: '>=0.10.0'}

  tar-fs@2.1.1:
    resolution: {integrity: sha512-V0r2Y9scmbDRLCNex/+hYzvp/zyYjvFbHPNgVTKfQvVrb6guiE/fxP+XblDNR011utopbkex2nM4dHNV6GDsng==}

  tar-stream@2.2.0:
    resolution: {integrity: sha512-ujeqbceABgwMZxEJnk2HDY2DlnUZ+9oEcb1KzTVfYHio0UE6dG71n60d8D2I4qNvleWrrXpmjpt7vZeF1LnMZQ==}
    engines: {node: '>=6'}

  tmp@0.2.1:
    resolution: {integrity: sha512-76SUhtfqR2Ijn+xllcI5P1oyannHNHByD80W1q447gU3mp9G9PSpGdWmjUOHRDPiHYacIk66W7ubDTuPF3BEtQ==}
    engines: {node: '>=8.17.0'}

  to-regex-range@5.0.1:
    resolution: {integrity: sha512-65P7iz6X5yEr1cwcgvQxbbIw7Uk3gOy5dIdtZ4rDveLqhrdJP+Li/Hx6tyK0NEb+2GCyneCMJiGqrADCSNk8sQ==}
    engines: {node: '>=8.0'}

  to-width@1.2.0:
    resolution: {integrity: sha512-ok/CRyzSZVA6xk9t5PuWuh3SHqCtKCkhI6dfF2YaVX11clXz4yAxxyesC27+m54ilrMRtqTI9UNQRct8lwVYZQ==}

  tunnel-agent@0.6.0:
    resolution: {integrity: sha512-McnNiV1l8RYeY8tBgEpuodCC1mLUdbSN+CYBL7kJsJNInOP8UjDDEwdk6Mw60vdLLrr5NHKZhMAOSrR2NZuQ+w==}

  util-deprecate@1.0.2:
    resolution: {integrity: sha512-EPD5q1uXyFxJpCrLnCc1nHnq3gOa6DZBocAIiI2TaSCA7VCJ1UJDMagCzIkXNsUYfD1daK//LTEQ8xiIbrHtcw==}

  varsize-string@2.2.2:
    resolution: {integrity: sha512-Wuq8/cNzDSWYYQ1KlTk6IyGrRJOMU1YX21RSgEl3psbAGdExTBOIDWd80Z1n74A/24kStNT9QgylJHVjqgRpsQ==}

  wcsize@1.0.0:
    resolution: {integrity: sha512-80ziCk3Z+iLfhgAbMBMU+PjoSFi9dg0FIKYd9xRiF15wfwJlzxu1mdIUdIv9iE1gpkX/4hV2QBbkNlydXgEFMA==}

  wcstring@2.1.1:
    resolution: {integrity: sha512-81yoFUY/2Fw4RFzIkrlC47g7023/XkKofj62CNFT1kdZn6z7o2xhz8ffR7Wat76SuJTmrFNLmGDd7FLaZsIo5A==}

  webguy@5.2.1:
    resolution: {integrity: sha512-wI3/JPpQjcnsTjZbh+dtAt2ZbSvC2pIOhheiwg2YrUY65vZSRAIP/flTn8anMmvYWTMJjxGIqxC/NvDUob2cUg==}

  which@2.0.2:
    resolution: {integrity: sha512-BLI3Tl1TW3Pvl70l3yq3Y64i+awpwXqsGBYWkkqMtnbXgrMD+yj7rhW0kuEDxzJaYXGjEW5ogapKNMEKNMjibA==}
    engines: {node: '>= 8'}
    hasBin: true

  wrap-ansi@7.0.0:
    resolution: {integrity: sha512-YVGIj2kamLSTxw6NsZjoBxfSwsn0ycdesmc4p+Q21c5zPuZ1pl+NfxVdxPtdHvmNVOQ6XSYG4AUtyt/Fi7D16Q==}
    engines: {node: '>=10'}

  wrap-ansi@8.1.0:
    resolution: {integrity: sha512-si7QWI6zUMq56bESFvagtmzMdGOtoxfR+Sez11Mobfc7tm+VkUckk9bW2UeffTGVUbOksxmSw0AA2gs8g71NCQ==}
    engines: {node: '>=12'}

  wrappy@1.0.2:
    resolution: {integrity: sha512-l4Sp/DRseor9wL6EvV2+TuQn63dMkPjZ/sp9XkghTEbV9KlPS1xUsZ3u7/IQO4wxtcFB4bgpQPRcR3QCvezPcQ==}

  xregexp@5.1.1:
    resolution: {integrity: sha512-fKXeVorD+CzWvFs7VBuKTYIW63YD1e1osxwQ8caZ6o1jg6pDAbABDG54LCIq0j5cy7PjRvGIq6sef9DYPXpncg==}

snapshots:

  '@babel/runtime-corejs3@7.24.8':
    dependencies:
      core-js-pure: 3.37.1
      regenerator-runtime: 0.14.1

  '@isaacs/cliui@8.0.2':
    dependencies:
      string-width: 5.1.2
      string-width-cjs: string-width@4.2.3
      strip-ansi: 7.1.0
      strip-ansi-cjs: strip-ansi@6.0.1
      wrap-ansi: 8.1.0
      wrap-ansi-cjs: wrap-ansi@7.0.0

  '@pkgjs/parseargs@0.11.0':
    optional: true

  '@xmldom/xmldom@0.8.10':
    optional: true

  acorn-loose@8.4.0:
    dependencies:
      acorn: 8.11.2

  acorn-walk@8.3.1: {}

  acorn@8.11.2: {}

  ansi-regex@5.0.1: {}

  ansi-regex@6.0.1: {}

  ansi-styles@4.3.0:
    dependencies:
      color-convert: 2.0.1

  ansi-styles@6.2.1: {}

  anymatch@3.1.3:
    dependencies:
      normalize-path: 3.0.0
      picomatch: 2.3.1

  astring@1.8.6: {}

  balanced-match@1.0.2: {}

  base64-js@1.5.1: {}

  better-sqlite3@11.1.2:
    dependencies:
      bindings: 1.5.0
      prebuild-install: 7.1.2

  binary-extensions@2.2.0: {}

  bindings@1.5.0:
    dependencies:
      file-uri-to-path: 1.0.0

  bl@4.1.0:
    dependencies:
      buffer: 5.7.1
      inherits: 2.0.4
      readable-stream: 3.6.2

  brace-expansion@1.1.11:
    dependencies:
      balanced-match: 1.0.2
      concat-map: 0.0.1

  brace-expansion@2.0.1:
    dependencies:
      balanced-match: 1.0.2

  braces@3.0.2:
    dependencies:
      fill-range: 7.0.1

  buffer@5.7.1:
    dependencies:
      base64-js: 1.5.1
      ieee754: 1.2.1

  chokidar@3.5.3:
    dependencies:
      anymatch: 3.1.3
      braces: 3.0.2
      glob-parent: 5.1.2
      is-binary-path: 2.1.0
      is-glob: 4.0.3
      normalize-path: 3.0.0
      readdirp: 3.6.0
    optionalDependencies:
      fsevents: 2.3.3

  chownr@1.1.4: {}

  cnd@9.2.1: {}

  cnd@9.2.2:
    dependencies:
      jsx-number-format: 0.1.5

  color-convert@2.0.1:
    dependencies:
      color-name: 1.1.4

  color-name@1.1.4: {}

  compose-regexp-commonjs@0.6.24: {}

  concat-map@0.0.1: {}

  core-js-pure@3.37.1: {}

  cross-spawn@7.0.3:
    dependencies:
      path-key: 3.1.1
      shebang-command: 2.0.0
      which: 2.0.2

  datom@12.3.0(acorn-loose@8.4.0)(acorn-walk@8.3.1)(acorn@8.11.2)(astring@1.8.6)(chokidar@3.5.3)(dayjs@1.11.11)(tmp@0.2.1):
    dependencies:
      guy: 13.7.2(acorn-loose@8.4.0)(acorn-walk@8.3.1)(acorn@8.11.2)(astring@1.8.6)(chokidar@3.5.3)(dayjs@1.11.11)(tmp@0.2.1)
      intertype: 0.119.1(acorn-loose@8.4.0)(acorn-walk@8.3.1)(acorn@8.11.2)(astring@1.8.6)(tmp@0.2.1)
      letsfreezethat: 3.1.0
    transitivePeerDependencies:
      - acorn
      - acorn-loose
      - acorn-walk
      - astring
      - chokidar
      - dayjs
      - tmp

  dayjs@1.11.10: {}

  dayjs@1.11.11: {}

  dbay-sql-lexer@1.1.0(acorn-loose@8.4.0)(acorn-walk@8.3.1)(acorn@8.11.2)(astring@1.8.6)(tmp@0.2.1):
    dependencies:
      guy: 11.11.0(acorn-loose@8.4.0)(acorn-walk@8.3.1)(acorn@8.11.2)(astring@1.8.6)(tmp@0.2.1)
    transitivePeerDependencies:
      - acorn
      - acorn-loose
      - acorn-walk
      - astring
      - tmp

  dbay-sql-macros@0.1.0(acorn-loose@8.4.0)(acorn-walk@8.3.1)(acorn@8.11.2)(astring@1.8.6)(tmp@0.2.1):
    dependencies:
      dbay-sql-lexer: 1.1.0(acorn-loose@8.4.0)(acorn-walk@8.3.1)(acorn@8.11.2)(astring@1.8.6)(tmp@0.2.1)
      guy: 11.12.0(acorn-loose@8.4.0)(acorn-walk@8.3.1)(acorn@8.11.2)(astring@1.8.6)(tmp@0.2.1)
      intertype: 0.105.0(acorn-loose@8.4.0)(acorn-walk@8.3.1)(acorn@8.11.2)(astring@1.8.6)(tmp@0.2.1)
      xregexp: 5.1.1
    transitivePeerDependencies:
      - acorn
      - acorn-loose
      - acorn-walk
      - astring
      - tmp

  dbay@16.1.0(acorn-loose@8.4.0)(acorn-walk@8.3.1)(acorn@8.11.2)(astring@1.8.6)(chokidar@3.5.3)(tmp@0.2.1):
    dependencies:
      better-sqlite3: 11.1.2
      dayjs: 1.11.11
      dbay-sql-macros: 0.1.0(acorn-loose@8.4.0)(acorn-walk@8.3.1)(acorn@8.11.2)(astring@1.8.6)(tmp@0.2.1)
      exit-hook: 2.2.1
      guy: 13.7.2(acorn-loose@8.4.0)(acorn-walk@8.3.1)(acorn@8.11.2)(astring@1.8.6)(chokidar@3.5.3)(dayjs@1.11.11)(tmp@0.2.1)
      guy-legacy: guy@4.2.0
      intertype: 7.7.0
    transitivePeerDependencies:
      - acorn
      - acorn-loose
      - acorn-walk
      - astring
      - chokidar
      - tmp

  decompress-response@6.0.0:
    dependencies:
      mimic-response: 3.1.0

  deep-extend@0.6.0: {}

  detect-libc@2.0.3: {}

  eastasianwidth@0.2.0: {}

  emoji-regex@8.0.0: {}

  emoji-regex@9.2.2: {}

  end-of-stream@1.4.4:
    dependencies:
      once: 1.4.0

  exifreader@4.23.3:
    optionalDependencies:
      '@xmldom/xmldom': 0.8.10

  exit-hook@2.2.1: {}

  expand-template@2.0.3: {}

  file-uri-to-path@1.0.0: {}

  fill-range@7.0.1:
    dependencies:
      to-regex-range: 5.0.1

  foreground-child@3.2.1:
    dependencies:
      cross-spawn: 7.0.3
      signal-exit: 4.1.0

  fs-constants@1.0.0: {}

  fs.realpath@1.0.0: {}

  fsevents@2.3.3:
    optional: true

  github-from-package@0.0.0: {}

  glob-parent@5.1.2:
    dependencies:
      is-glob: 4.0.3

  glob@11.0.0:
    dependencies:
      foreground-child: 3.2.1
      jackspeak: 4.0.1
      minimatch: 10.0.1
      minipass: 7.1.2
      package-json-from-dist: 1.0.0
      path-scurry: 2.0.0

  glob@7.2.3:
    dependencies:
      fs.realpath: 1.0.0
      inflight: 1.0.6
      inherits: 2.0.4
      minimatch: 3.1.2
      once: 1.4.0
      path-is-absolute: 1.0.1

  guy@11.11.0(acorn-loose@8.4.0)(acorn-walk@8.3.1)(acorn@8.11.2)(astring@1.8.6)(tmp@0.2.1):
    dependencies:
      acorn: 8.11.2
      acorn-loose: 8.4.0
      acorn-walk: 8.3.1
      astring: 1.8.6
      intertype-legacy: 7.7.1
      letsfreezethat: 3.1.0
      tmp: 0.2.1

  guy@11.12.0(acorn-loose@8.4.0)(acorn-walk@8.3.1)(acorn@8.11.2)(astring@1.8.6)(tmp@0.2.1):
    dependencies:
      acorn: 8.11.2
      acorn-loose: 8.4.0
      acorn-walk: 8.3.1
      astring: 1.8.6
      intertype-legacy: 7.7.1
      letsfreezethat: 3.1.0
      tmp: 0.2.1

  guy@12.10.0(acorn-loose@8.4.0)(acorn-walk@8.3.1)(acorn@8.11.2)(astring@1.8.6)(dayjs@1.11.11)(tmp@0.2.1):
    dependencies:
      acorn: 8.11.2
      acorn-loose: 8.4.0
      acorn-walk: 8.3.1
      astring: 1.8.6
      dayjs: 1.11.11
      intertype-legacy: 7.7.1
      letsfreezethat: 3.1.0
      tmp: 0.2.1

  guy@13.7.1(acorn-loose@8.4.0)(acorn-walk@8.3.1)(acorn@8.11.2)(astring@1.8.6)(chokidar@3.5.3)(dayjs@1.11.11)(tmp@0.2.1):
    dependencies:
      acorn: 8.11.2
      acorn-loose: 8.4.0
      acorn-walk: 8.3.1
      astring: 1.8.6
      chokidar: 3.5.3
      dayjs: 1.11.11
      intertype-legacy: 7.7.1
      letsfreezethat: 3.1.0
      tmp: 0.2.1

  guy@13.7.2(acorn-loose@8.4.0)(acorn-walk@8.3.1)(acorn@8.11.2)(astring@1.8.6)(chokidar@3.5.3)(dayjs@1.11.11)(tmp@0.2.1):
    dependencies:
      acorn: 8.11.2
      acorn-loose: 8.4.0
      acorn-walk: 8.3.1
      astring: 1.8.6
      chokidar: 3.5.3
      dayjs: 1.11.11
      intertype-legacy: 7.7.1
      letsfreezethat: 3.1.0
      tmp: 0.2.1

  guy@4.2.0:
    dependencies:
      cnd: 9.2.2
      intertype: 7.6.7
      letsfreezethat: 3.1.0

  ieee754@1.2.1: {}

  inflight@1.0.6:
    dependencies:
      once: 1.4.0
      wrappy: 1.0.2

  inherits@2.0.4: {}

  ini@1.3.8: {}

  intertext-lexer@0.26.1(acorn-loose@8.4.0)(acorn-walk@8.3.1)(acorn@8.11.2)(astring@1.8.6)(chokidar@3.5.3)(dayjs@1.11.11)(tmp@0.2.1):
    dependencies:
      compose-regexp-commonjs: 0.6.24
      datom: 12.3.0(acorn-loose@8.4.0)(acorn-walk@8.3.1)(acorn@8.11.2)(astring@1.8.6)(chokidar@3.5.3)(dayjs@1.11.11)(tmp@0.2.1)
      guy: 13.7.2(acorn-loose@8.4.0)(acorn-walk@8.3.1)(acorn@8.11.2)(astring@1.8.6)(chokidar@3.5.3)(dayjs@1.11.11)(tmp@0.2.1)
      intertype: 0.119.1(acorn-loose@8.4.0)(acorn-walk@8.3.1)(acorn@8.11.2)(astring@1.8.6)(tmp@0.2.1)
      ltsort: 4.0.0(acorn-loose@8.4.0)(acorn-walk@8.3.1)(acorn@8.11.2)(astring@1.8.6)(dayjs@1.11.11)(tmp@0.2.1)
      moonriver: 4.8.4(acorn-loose@8.4.0)(acorn-walk@8.3.1)(acorn@8.11.2)(astring@1.8.6)(chokidar@3.5.3)(dayjs@1.11.11)(tmp@0.2.1)
    transitivePeerDependencies:
      - acorn
      - acorn-loose
      - acorn-walk
      - astring
      - chokidar
      - dayjs
      - tmp

  intertype-legacy@7.7.1:
    dependencies:
      multimix: 5.0.0

  intertype@0.105.0(acorn-loose@8.4.0)(acorn-walk@8.3.1)(acorn@8.11.2)(astring@1.8.6)(tmp@0.2.1):
    dependencies:
      guy: 11.12.0(acorn-loose@8.4.0)(acorn-walk@8.3.1)(acorn@8.11.2)(astring@1.8.6)(tmp@0.2.1)
      intertype-legacy: 7.7.1
      rfdc: 1.3.0
      to-width: 1.2.0
    transitivePeerDependencies:
      - acorn
      - acorn-loose
      - acorn-walk
      - astring
      - tmp

  intertype@0.111.0(acorn-loose@8.4.0)(acorn-walk@8.3.1)(acorn@8.11.2)(astring@1.8.6)(tmp@0.2.1):
    dependencies:
      guy: 11.12.0(acorn-loose@8.4.0)(acorn-walk@8.3.1)(acorn@8.11.2)(astring@1.8.6)(tmp@0.2.1)
      intertype-legacy: 7.7.1
      rfdc: 1.3.0
      to-width: 1.2.0
    transitivePeerDependencies:
      - acorn
      - acorn-loose
      - acorn-walk
      - astring
      - tmp

  intertype@0.114.0(acorn-loose@8.4.0)(acorn-walk@8.3.1)(acorn@8.11.2)(astring@1.8.6)(tmp@0.2.1):
    dependencies:
      guy: 11.12.0(acorn-loose@8.4.0)(acorn-walk@8.3.1)(acorn@8.11.2)(astring@1.8.6)(tmp@0.2.1)
      intertype-legacy: 7.7.1
      rfdc: 1.3.0
      to-width: 1.2.0
    transitivePeerDependencies:
      - acorn
      - acorn-loose
      - acorn-walk
      - astring
      - tmp

  intertype@0.119.1(acorn-loose@8.4.0)(acorn-walk@8.3.1)(acorn@8.11.2)(astring@1.8.6)(tmp@0.2.1):
    dependencies:
      guy: 11.12.0(acorn-loose@8.4.0)(acorn-walk@8.3.1)(acorn@8.11.2)(astring@1.8.6)(tmp@0.2.1)
      intertype-legacy: 7.7.1
      rfdc: 1.3.0
      to-width: 1.2.0
    transitivePeerDependencies:
      - acorn
      - acorn-loose
      - acorn-walk
      - astring
      - tmp

  intertype@203.2.0:
    dependencies:
      webguy: 5.2.1

  intertype@7.6.3:
    dependencies:
      multimix: 5.0.0

  intertype@7.6.5:
    dependencies:
      multimix: 5.0.0

  intertype@7.6.7:
    dependencies:
      multimix: 5.0.0

  intertype@7.7.0:
    dependencies:
      multimix: 5.0.0

  is-binary-path@2.1.0:
    dependencies:
      binary-extensions: 2.2.0

  is-extglob@2.1.1: {}

  is-fullwidth-code-point@3.0.0: {}

  is-glob@4.0.3:
    dependencies:
      is-extglob: 2.1.1

  is-number@7.0.0: {}

  isexe@2.0.0: {}

  jackspeak@4.0.1:
    dependencies:
      '@isaacs/cliui': 8.0.2
    optionalDependencies:
      '@pkgjs/parseargs': 0.11.0

  jfee@0.1.5:
    dependencies:
      intertype: 7.6.5

  jsx-number-format@0.1.5: {}

  letsfreezethat@3.1.0: {}

  lru-cache@11.0.0: {}

  ltsort@4.0.0(acorn-loose@8.4.0)(acorn-walk@8.3.1)(acorn@8.11.2)(astring@1.8.6)(dayjs@1.11.11)(tmp@0.2.1):
    dependencies:
      cnd: 9.2.1
      guy: 12.10.0(acorn-loose@8.4.0)(acorn-walk@8.3.1)(acorn@8.11.2)(astring@1.8.6)(dayjs@1.11.11)(tmp@0.2.1)
      intertype: 0.111.0(acorn-loose@8.4.0)(acorn-walk@8.3.1)(acorn@8.11.2)(astring@1.8.6)(tmp@0.2.1)
    transitivePeerDependencies:
      - acorn
      - acorn-loose
      - acorn-walk
      - astring
      - dayjs
      - tmp

  mimic-response@3.1.0: {}

  minimatch@10.0.1:
    dependencies:
      brace-expansion: 2.0.1

  minimatch@3.1.2:
    dependencies:
      brace-expansion: 1.1.11

  minimist@1.2.8: {}

  minipass@7.1.2: {}

  mkdirp-classic@0.5.3: {}

  moonriver@4.8.4(acorn-loose@8.4.0)(acorn-walk@8.3.1)(acorn@8.11.2)(astring@1.8.6)(chokidar@3.5.3)(dayjs@1.11.11)(tmp@0.2.1):
    dependencies:
      guy: 13.7.1(acorn-loose@8.4.0)(acorn-walk@8.3.1)(acorn@8.11.2)(astring@1.8.6)(chokidar@3.5.3)(dayjs@1.11.11)(tmp@0.2.1)
      intertype: 0.114.0(acorn-loose@8.4.0)(acorn-walk@8.3.1)(acorn@8.11.2)(astring@1.8.6)(tmp@0.2.1)
      jfee: 0.1.5
    transitivePeerDependencies:
      - acorn
      - acorn-loose
      - acorn-walk
      - astring
      - chokidar
      - dayjs
      - tmp

  multimix@5.0.0: {}

  napi-build-utils@1.0.2: {}

  node-abi@3.65.0:
    dependencies:
      semver: 7.6.2

  normalize-path@3.0.0: {}

  once@1.4.0:
    dependencies:
      wrappy: 1.0.2

  package-json-from-dist@1.0.0: {}

  path-is-absolute@1.0.1: {}

  path-key@3.1.1: {}

  path-scurry@2.0.0:
    dependencies:
      lru-cache: 11.0.0
      minipass: 7.1.2

  picomatch@2.3.1: {}

  prebuild-install@7.1.2:
    dependencies:
      detect-libc: 2.0.3
      expand-template: 2.0.3
      github-from-package: 0.0.0
      minimist: 1.2.8
      mkdirp-classic: 0.5.3
      napi-build-utils: 1.0.2
      node-abi: 3.65.0
      pump: 3.0.0
      rc: 1.2.8
      simple-get: 4.0.1
      tar-fs: 2.1.1
      tunnel-agent: 0.6.0

  pump@3.0.0:
    dependencies:
      end-of-stream: 1.4.4
      once: 1.4.0

  rc@1.2.8:
    dependencies:
      deep-extend: 0.6.0
      ini: 1.3.8
      minimist: 1.2.8
      strip-json-comments: 2.0.1

  readable-stream@3.6.2:
    dependencies:
      inherits: 2.0.4
      string_decoder: 1.3.0
      util-deprecate: 1.0.2

  readdirp@3.6.0:
    dependencies:
      picomatch: 2.3.1

  regenerator-runtime@0.14.1: {}

  rfdc@1.3.0: {}

  rimraf@3.0.2:
    dependencies:
      glob: 7.2.3

  safe-buffer@5.2.1: {}

  semver@7.6.2: {}

  shebang-command@2.0.0:
    dependencies:
      shebang-regex: 3.0.0

  shebang-regex@3.0.0: {}

  signal-exit@4.1.0: {}

  simple-concat@1.0.1: {}

  simple-get@4.0.1:
    dependencies:
      decompress-response: 6.0.0
      once: 1.4.0
      simple-concat: 1.0.1

  string-width@4.2.3:
    dependencies:
      emoji-regex: 8.0.0
      is-fullwidth-code-point: 3.0.0
      strip-ansi: 6.0.1

  string-width@5.1.2:
    dependencies:
      eastasianwidth: 0.2.0
      emoji-regex: 9.2.2
      strip-ansi: 7.1.0

  string_decoder@1.3.0:
    dependencies:
      safe-buffer: 5.2.1

  strip-ansi@6.0.1:
    dependencies:
      ansi-regex: 5.0.1

  strip-ansi@7.1.0:
    dependencies:
      ansi-regex: 6.0.1

  strip-json-comments@2.0.1: {}

  tar-fs@2.1.1:
    dependencies:
      chownr: 1.1.4
      mkdirp-classic: 0.5.3
      pump: 3.0.0
      tar-stream: 2.2.0

  tar-stream@2.2.0:
    dependencies:
      bl: 4.1.0
      end-of-stream: 1.4.4
      fs-constants: 1.0.0
      inherits: 2.0.4
      readable-stream: 3.6.2

  tmp@0.2.1:
    dependencies:
      rimraf: 3.0.2

  to-regex-range@5.0.1:
    dependencies:
      is-number: 7.0.0

  to-width@1.2.0:
    dependencies:
      string-width: 4.2.3
      wcstring: 2.1.1

  tunnel-agent@0.6.0:
    dependencies:
      safe-buffer: 5.2.1

  util-deprecate@1.0.2: {}

  varsize-string@2.2.2: {}

  wcsize@1.0.0: {}

  wcstring@2.1.1:
    dependencies:
      varsize-string: 2.2.2
      wcsize: 1.0.0

  webguy@5.2.1:
    dependencies:
      dayjs: 1.11.10
      intertype: 7.6.3

  which@2.0.2:
    dependencies:
      isexe: 2.0.0

  wrap-ansi@7.0.0:
    dependencies:
      ansi-styles: 4.3.0
      string-width: 4.2.3
      strip-ansi: 6.0.1

  wrap-ansi@8.1.0:
    dependencies:
      ansi-styles: 6.2.1
      string-width: 5.1.2
      strip-ansi: 7.1.0

  wrappy@1.0.2: {}

  xregexp@5.1.1:
    dependencies:
      '@babel/runtime-corejs3': 7.24.8
